
Microsoft Visual Studio Solution File, Format Version 12.00
# Visual Studio Version 17
VisualStudioVersion = 17.8.34525.116
MinimumVisualStudioVersion = 10.0.40219.1
Project("{9A19103F-16F7-4668-BE54-9A1E7A4F7556}") = "ProgulkaProject", "ProgulkaProject\ProgulkaProject.csproj", "{2309DB2E-F80F-4C92-88DC-45B16916E5CC}"
EndProject
Global
	GlobalSection(SolutionConfigurationPlatforms) = preSolution
		Debug|Any CPU = Debug|Any CPU
		Release|Any CPU = Release|Any CPU
	EndGlobalSection
	GlobalSection(ProjectConfigurationPlatforms) = postSolution
		{2309DB2E-F80F-4C92-88DC-45B16916E5CC}.Debug|Any CPU.ActiveCfg = Debug|Any CPU
		{2309DB2E-F80F-4C92-88DC-45B16916E5CC}.Debug|Any CPU.Build.0 = Debug|Any CPU
		{2309DB2E-F80F-4C92-88DC-45B16916E5CC}.Release|Any CPU.ActiveCfg = Release|Any CPU
		{2309DB2E-F80F-4C92-88DC-45B16916E5CC}.Release|Any CPU.Build.0 = Release|Any CPU
	EndGlobalSection
	GlobalSection(SolutionProperties) = preSolution
		HideSolutionNode = FALSE
	EndGlobalSection
	GlobalSection(ExtensibilityGlobals) = postSolution
		SolutionGuid = {C059DC2C-B1D5-47B9-97F0-9814D37F089E}
	EndGlobalSection
EndGlobal
